{
    "name": "es.phonegap.analytics",
    "version": "1.0.0",
    "lockfileVersion": 1,
    "requires": true,
    "dependencies": {
        "com.cmackay.plugins.googleanalytics": {
            "version": "1.0.3",
            "resolved": "https://registry.npmjs.org/com.cmackay.plugins.googleanalytics/-/com.cmackay.plugins.googleanalytics-1.0.3.tgz",
            "integrity": "sha512-e7H8c9vs88+JJrg+pA3nx4jMhoNu/vrNjGgUoG5CiLfmsFh13fpoBv5vEyr0kWMgeTl6CbqiqwSmXDW4AvFL6Q=="
        }
    }
}
